
Microsoft Visual Studio Solution File, Format Version 11.00
# Visual Studio 2010
Project("{FAE04EC0-301F-11D3-BF4B-00C04F79EFBC}") = "HudsonWebAppDemo", "HudsonWebAppDemo\HudsonWebAppDemo.csproj", "{528150F0-BB2D-4CDF-B815-E2D242492E9B}"
EndProject
Global
	GlobalSection(SolutionConfigurationPlatforms) = preSolution
		Debug|Any CPU = Debug|Any CPU
		Release|Any CPU = Release|Any CPU
	EndGlobalSection
	GlobalSection(ProjectConfigurationPlatforms) = postSolution
		{528150F0-BB2D-4CDF-B815-E2D242492E9B}.Debug|Any CPU.ActiveCfg = Debug|Any CPU
		{528150F0-BB2D-4CDF-B815-E2D242492E9B}.Debug|Any CPU.Build.0 = Debug|Any CPU
		{528150F0-BB2D-4CDF-B815-E2D242492E9B}.Release|Any CPU.ActiveCfg = Release|Any CPU
		{528150F0-BB2D-4CDF-B815-E2D242492E9B}.Release|Any CPU.Build.0 = Release|Any CPU
	EndGlobalSection
	GlobalSection(SolutionProperties) = preSolution
		HideSolutionNode = FALSE
	EndGlobalSection
EndGlobal
